
Microsoft Visual Studio Solution File, Format Version 12.00
Project("{FAE04EC0-301F-11D3-BF4B-00C04F79EFBC}") = "BacchiniLorenzo", "BacchiniLorenzo\BacchiniLorenzo.csproj", "{D685C241-14AA-45B0-9209-B2CFAEC5C5B4}"
EndProject
Project("{FAE04EC0-301F-11D3-BF4B-00C04F79EFBC}") = "BacchiniLorenzoTest", "BacchiniLorenzoTest\BacchiniLorenzoTest.csproj", "{FFB8C8C1-94FB-4146-BBB1-6AB178549C55}"
EndProject
Project("{FAE04EC0-301F-11D3-BF4B-00C04F79EFBC}") = "SanchiEmanuele", "SanchiEmanuele\SanchiEmanuele.csproj", "{D83BD077-313E-40C2-9AFE-6575F43216D7}"
EndProject
Project("{FAE04EC0-301F-11D3-BF4B-00C04F79EFBC}") = "SanchiEmanueleTest", "SanchiEmanueleTest\SanchiEmanueleTest.csproj", "{43508AE1-FA80-4201-914F-DDE3F946D6B2}"
EndProject
Project("{FAE04EC0-301F-11D3-BF4B-00C04F79EFBC}") = "BurreliMattia", "BurreliMattia\BurreliMattia.csproj", "{BEDEA2A9-6747-4418-92F0-14388C88A857}"
EndProject
Project("{FAE04EC0-301F-11D3-BF4B-00C04F79EFBC}") = "BurreliMattiaTest", "BurreliMattiaTest\BurreliMattiaTest.csproj", "{2D8A5175-506F-4796-9139-943DEB4DBF59}"
EndProject
Global
	GlobalSection(SolutionConfigurationPlatforms) = preSolution
		Debug|Any CPU = Debug|Any CPU
		Release|Any CPU = Release|Any CPU
	EndGlobalSection
	GlobalSection(ProjectConfigurationPlatforms) = postSolution
		{D685C241-14AA-45B0-9209-B2CFAEC5C5B4}.Debug|Any CPU.ActiveCfg = Debug|Any CPU
		{D685C241-14AA-45B0-9209-B2CFAEC5C5B4}.Debug|Any CPU.Build.0 = Debug|Any CPU
		{D685C241-14AA-45B0-9209-B2CFAEC5C5B4}.Release|Any CPU.ActiveCfg = Release|Any CPU
		{D685C241-14AA-45B0-9209-B2CFAEC5C5B4}.Release|Any CPU.Build.0 = Release|Any CPU
		{FFB8C8C1-94FB-4146-BBB1-6AB178549C55}.Debug|Any CPU.ActiveCfg = Debug|Any CPU
		{FFB8C8C1-94FB-4146-BBB1-6AB178549C55}.Debug|Any CPU.Build.0 = Debug|Any CPU
		{FFB8C8C1-94FB-4146-BBB1-6AB178549C55}.Release|Any CPU.ActiveCfg = Release|Any CPU
		{FFB8C8C1-94FB-4146-BBB1-6AB178549C55}.Release|Any CPU.Build.0 = Release|Any CPU
		{D83BD077-313E-40C2-9AFE-6575F43216D7}.Debug|Any CPU.ActiveCfg = Debug|Any CPU
		{D83BD077-313E-40C2-9AFE-6575F43216D7}.Debug|Any CPU.Build.0 = Debug|Any CPU
		{D83BD077-313E-40C2-9AFE-6575F43216D7}.Release|Any CPU.ActiveCfg = Release|Any CPU
		{D83BD077-313E-40C2-9AFE-6575F43216D7}.Release|Any CPU.Build.0 = Release|Any CPU
		{43508AE1-FA80-4201-914F-DDE3F946D6B2}.Debug|Any CPU.ActiveCfg = Debug|Any CPU
		{43508AE1-FA80-4201-914F-DDE3F946D6B2}.Debug|Any CPU.Build.0 = Debug|Any CPU
		{43508AE1-FA80-4201-914F-DDE3F946D6B2}.Release|Any CPU.ActiveCfg = Release|Any CPU
		{43508AE1-FA80-4201-914F-DDE3F946D6B2}.Release|Any CPU.Build.0 = Release|Any CPU
		{BEDEA2A9-6747-4418-92F0-14388C88A857}.Debug|Any CPU.ActiveCfg = Debug|Any CPU
		{BEDEA2A9-6747-4418-92F0-14388C88A857}.Debug|Any CPU.Build.0 = Debug|Any CPU
		{BEDEA2A9-6747-4418-92F0-14388C88A857}.Release|Any CPU.ActiveCfg = Release|Any CPU
		{BEDEA2A9-6747-4418-92F0-14388C88A857}.Release|Any CPU.Build.0 = Release|Any CPU
		{2D8A5175-506F-4796-9139-943DEB4DBF59}.Debug|Any CPU.ActiveCfg = Debug|Any CPU
		{2D8A5175-506F-4796-9139-943DEB4DBF59}.Debug|Any CPU.Build.0 = Debug|Any CPU
		{2D8A5175-506F-4796-9139-943DEB4DBF59}.Release|Any CPU.ActiveCfg = Release|Any CPU
		{2D8A5175-506F-4796-9139-943DEB4DBF59}.Release|Any CPU.Build.0 = Release|Any CPU
	EndGlobalSection
EndGlobal
